Microsoft Visual Studio Solution File, Format Version 12.00
# Visual Studio 2012
Project("{FAE04EC0-301F-11D3-BF4B-00C04F79EFBC}") = "img420-project-1", "img420-project-1.csproj", "{3BF046C1-80CB-4F53-9A17-938A94390BDF}"
EndProject
Global
	GlobalSection(SolutionConfigurationPlatforms) = preSolution
	Debug|Any CPU = Debug|Any CPU
	ExportDebug|Any CPU = ExportDebug|Any CPU
	ExportRelease|Any CPU = ExportRelease|Any CPU
	EndGlobalSection
	GlobalSection(ProjectConfigurationPlatforms) = postSolution
		{3BF046C1-80CB-4F53-9A17-938A94390BDF}.Debug|Any CPU.ActiveCfg = Debug|Any CPU
		{3BF046C1-80CB-4F53-9A17-938A94390BDF}.Debug|Any CPU.Build.0 = Debug|Any CPU
		{3BF046C1-80CB-4F53-9A17-938A94390BDF}.ExportDebug|Any CPU.ActiveCfg = ExportDebug|Any CPU
		{3BF046C1-80CB-4F53-9A17-938A94390BDF}.ExportDebug|Any CPU.Build.0 = ExportDebug|Any CPU
		{3BF046C1-80CB-4F53-9A17-938A94390BDF}.ExportRelease|Any CPU.ActiveCfg = ExportRelease|Any CPU
		{3BF046C1-80CB-4F53-9A17-938A94390BDF}.ExportRelease|Any CPU.Build.0 = ExportRelease|Any CPU
	EndGlobalSection
EndGlobal
